
Microsoft Visual Studio Solution File, Format Version 12.00
# Visual Studio Version 16
VisualStudioVersion = 16.0.29009.5
MinimumVisualStudioVersion = 10.0.40219.1
Project("{151D2E53-A2C4-4D7D-83FE-D05416EBD58E}") = "BCIDevOpsLabInfrastructure", "BCIDevOpsLabInfrastructure\BCIDevOpsLabInfrastructure.deployproj", "{AB186494-BAF1-44D1-A502-C029BE16EE18}"
EndProject
Global
	GlobalSection(SolutionConfigurationPlatforms) = preSolution
		Debug|Any CPU = Debug|Any CPU
		Release|Any CPU = Release|Any CPU
	EndGlobalSection
	GlobalSection(ProjectConfigurationPlatforms) = postSolution
		{AB186494-BAF1-44D1-A502-C029BE16EE18}.Debug|Any CPU.ActiveCfg = Debug|Any CPU
		{AB186494-BAF1-44D1-A502-C029BE16EE18}.Debug|Any CPU.Build.0 = Debug|Any CPU
		{AB186494-BAF1-44D1-A502-C029BE16EE18}.Release|Any CPU.ActiveCfg = Release|Any CPU
		{AB186494-BAF1-44D1-A502-C029BE16EE18}.Release|Any CPU.Build.0 = Release|Any CPU
	EndGlobalSection
	GlobalSection(SolutionProperties) = preSolution
		HideSolutionNode = FALSE
	EndGlobalSection
	GlobalSection(ExtensibilityGlobals) = postSolution
		SolutionGuid = {956D74E0-F47E-4124-ABFF-4B530566DA67}
	EndGlobalSection
EndGlobal
