
Microsoft Visual Studio Solution File, Format Version 12.00
# Visual Studio Version 16
VisualStudioVersion = 16.0.29102.190
MinimumVisualStudioVersion = 10.0.40219.1
Project("{FAE04EC0-301F-11D3-BF4B-00C04F79EFBC}") = "DemoFalabella2", "DemoFalabella2.csproj", "{C3AAAD7C-DC75-463C-A7EA-09C80CE574A0}"
EndProject
Global
	GlobalSection(SolutionConfigurationPlatforms) = preSolution
		Debug|Any CPU = Debug|Any CPU
		Release|Any CPU = Release|Any CPU
	EndGlobalSection
	GlobalSection(ProjectConfigurationPlatforms) = postSolution
		{C3AAAD7C-DC75-463C-A7EA-09C80CE574A0}.Debug|Any CPU.ActiveCfg = Debug|Any CPU
		{C3AAAD7C-DC75-463C-A7EA-09C80CE574A0}.Debug|Any CPU.Build.0 = Debug|Any CPU
		{C3AAAD7C-DC75-463C-A7EA-09C80CE574A0}.Release|Any CPU.ActiveCfg = Release|Any CPU
		{C3AAAD7C-DC75-463C-A7EA-09C80CE574A0}.Release|Any CPU.Build.0 = Release|Any CPU
	EndGlobalSection
	GlobalSection(SolutionProperties) = preSolution
		HideSolutionNode = FALSE
	EndGlobalSection
	GlobalSection(ExtensibilityGlobals) = postSolution
		SolutionGuid = {9CF50CDF-DC8E-4C67-8972-4A168B283EE9}
	EndGlobalSection
EndGlobal
